
Microsoft Visual Studio Solution File, Format Version 12.00
# Visual Studio Version 17
VisualStudioVersion = 17.1.32210.238
MinimumVisualStudioVersion = 10.0.40219.1
Project("{FAE04EC0-301F-11D3-BF4B-00C04F79EFBC}") = "SolidVendingMachine", "SolidVendingMachine\SolidVendingMachine.csproj", "{B69A398D-2656-4A97-A373-8271D9566B85}"
EndProject
Global
	GlobalSection(SolutionConfigurationPlatforms) = preSolution
		Debug|Any CPU = Debug|Any CPU
		Release|Any CPU = Release|Any CPU
	EndGlobalSection
	GlobalSection(ProjectConfigurationPlatforms) = postSolution
		{B69A398D-2656-4A97-A373-8271D9566B85}.Debug|Any CPU.ActiveCfg = Debug|Any CPU
		{B69A398D-2656-4A97-A373-8271D9566B85}.Debug|Any CPU.Build.0 = Debug|Any CPU
		{B69A398D-2656-4A97-A373-8271D9566B85}.Release|Any CPU.ActiveCfg = Release|Any CPU
		{B69A398D-2656-4A97-A373-8271D9566B85}.Release|Any CPU.Build.0 = Release|Any CPU
	EndGlobalSection
	GlobalSection(SolutionProperties) = preSolution
		HideSolutionNode = FALSE
	EndGlobalSection
	GlobalSection(ExtensibilityGlobals) = postSolution
		SolutionGuid = {A3863C59-0F2C-4051-BB4D-2202E44EE858}
	EndGlobalSection
EndGlobal
